// !$*UTF8*$!
{
	archiveVersion = 1;
	classes = {
	};
	objectVersion = 55;
	objects = {

/* Begin PBXBuildFile section */
		5EF42982271DAC5800D30160 /* AppDelegate.swift in Sources */ = {isa = PBXBuildFile; fileRef = 5EF42981271DAC5800D30160 /* AppDelegate.swift */; };
		5EF42984271DAC5800D30160 /* SceneDelegate.swift in Sources */ = {isa = PBXBuildFile; fileRef = 5EF42983271DAC5800D30160 /* SceneDelegate.swift */; };
		5EF42989271DAC5800D30160 /* Main.storyboard in Resources */ = {isa = PBXBuildFile; fileRef = 5EF42987271DAC5800D30160 /* Main.storyboard */; };
		5EF4298B271DAC5900D30160 /* Assets.xcassets in Resources */ = {isa = PBXBuildFile; fileRef = 5EF4298A271DAC5900D30160 /* Assets.xcassets */; };
		5EF4298E271DAC5900D30160 /* LaunchScreen.storyboard in Resources */ = {isa = PBXBuildFile; fileRef = 5EF4298C271DAC5900D30160 /* LaunchScreen.storyboard */; };
		5EF42999271DAC5900D30160 /* FirstOneTests.swift in Sources */ = {isa = PBXBuildFile; fileRef = 5EF42998271DAC5900D30160 /* FirstOneTests.swift */; };
		5EF429A3271DAC5900D30160 /* FirstOneUITests.swift in Sources */ = {isa = PBXBuildFile; fileRef = 5EF429A2271DAC5900D30160 /* FirstOneUITests.swift */; };
		5EF429A5271DAC5900D30160 /* FirstOneUITestsLaunchTests.swift in Sources */ = {isa = PBXBuildFile; fileRef = 5EF429A4271DAC5900D30160 /* FirstOneUITestsLaunchTests.swift */; };
		5EF429B2271DBBD600D30160 /* FirstViewController.swift in Sources */ = {isa = PBXBuildFile; fileRef = 5EF429B1271DBBD600D30160 /* FirstViewController.swift */; };
/* End PBXBuildFile section */

/* Begin PBXContainerItemProxy section */
		5EF42995271DAC5900D30160 /* PBXContainerItemProxy */ = {
			isa = PBXContainerItemProxy;
			containerPortal = 5EF42976271DAC5800D30160 /* Project object */;
			proxyType = 1;
			remoteGlobalIDString = 5EF4297D271DAC5800D30160;
			remoteInfo = FirstOne;
		};
		5EF4299F271DAC5900D30160 /* PBXContainerItemProxy */ = {
			isa = PBXContainerItemProxy;
			containerPortal = 5EF42976271DAC5800D30160 /* Project object */;
			proxyType = 1;
			remoteGlobalIDString = 5EF4297D271DAC5800D30160;
			remoteInfo = FirstOne;
		};
/* End PBXContainerItemProxy section */

/* Begin PBXFileReference section */
		5EF4297E271DAC5800D30160 /* FirstOne.app */ = {isa = PBXFileReference; explicitFileType = wrapper.application; includeInIndex = 0; path = FirstOne.app; sourceTree = BUILT_PRODUCTS_DIR; };
		5EF42981271DAC5800D30160 /* AppDelegate.swift */ = {isa = PBXFileReference; lastKnownFileType = sourcecode.swift; path = AppDelegate.swift; sourceTree = "<group>"; };
		5EF42983271DAC5800D30160 /* SceneDelegate.swift */ = {isa = PBXFileReference; lastKnownFileType = sourcecode.swift; path = SceneDelegate.swift; sourceTree = "<group>"; };
		5EF42988271DAC5800D30160 /* Base */ = {isa = PBXFileReference; lastKnownFileType = file.storyboard; name = Base; path = Base.lproj/Main.storyboard; sourceTree = "<group>"; };
		5EF4298A271DAC5900D30160 /* Assets.xcassets */ = {isa = PBXFileReference; lastKnownFileType = folder.assetcatalog; path = Assets.xcassets; sourceTree = "<group>"; };
		5EF4298D271DAC5900D30160 /* Base */ = {isa = PBXFileReference; lastKnownFileType = file.storyboard; name = Base; path = Base.lproj/LaunchScreen.storyboard; sourceTree = "<group>"; };
		5EF4298F271DAC5900D30160 /* Info.plist */ = {isa = PBXFileReference; lastKnownFileType = text.plist.xml; path = Info.plist; sourceTree = "<group>"; };
		5EF42994271DAC5900D30160 /* FirstOneTests.xctest */ = {isa = PBXFileReference; explicitFileType = wrapper.cfbundle; includeInIndex = 0; path = FirstOneTests.xctest; sourceTree = BUILT_PRODUCTS_DIR; };
		5EF42998271DAC5900D30160 /* FirstOneTests.swift */ = {isa = PBXFileReference; lastKnownFileType = sourcecode.swift; path = FirstOneTests.swift; sourceTree = "<group>"; };
		5EF4299E271DAC5900D30160 /* FirstOneUITests.xctest */ = {isa = PBXFileReference; explicitFileType = wrapper.cfbundle; includeInIndex = 0; path = FirstOneUITests.xctest; sourceTree = BUILT_PRODUCTS_DIR; };
		5EF429A2271DAC5900D30160 /* FirstOneUITests.swift */ = {isa = PBXFileReference; lastKnownFileType = sourcecode.swift; path = FirstOneUITests.swift; sourceTree = "<group>"; };
		5EF429A4271DAC5900D30160 /* FirstOneUITestsLaunchTests.swift */ = {isa = PBXFileReference; lastKnownFileType = sourcecode.swift; path = FirstOneUITestsLaunchTests.swift; sourceTree = "<group>"; };
		5EF429B1271DBBD600D30160 /* FirstViewController.swift */ = {isa = PBXFileReference; lastKnownFileType = sourcecode.swift; path = FirstViewController.swift; sourceTree = "<group>"; };
/* End PBXFileReference section */

/* Begin PBXFrameworksBuildPhase section */
		5EF4297B271DAC5800D30160 /* Frameworks */ = {
			isa = PBXFrameworksBuildPhase;
			buildActionMask = 2147483647;
			files = (
			);
			runOnlyForDeploymentPostprocessing = 0;
		};
		5EF42991271DAC5900D30160 /* Frameworks */ = {
			isa = PBXFrameworksBuildPhase;
			buildActionMask = 2147483647;
			files = (
			);
			runOnlyForDeploymentPostprocessing = 0;
		};
		5EF4299B271DAC5900D30160 /* Frameworks */ = {
			isa = PBXFrameworksBuildPhase;
			buildActionMask = 2147483647;
			files = (
			);
			runOnlyForDeploymentPostprocessing = 0;
		};
/* End PBXFrameworksBuildPhase section */

/* Begin PBXGroup section */
		5EF42975271DAC5800D30160 = {
			isa = PBXGroup;
			children = (
				5EF42980271DAC5800D30160 /* FirstOne */,
				5EF42997271DAC5900D30160 /* FirstOneTests */,
				5EF429A1271DAC5900D30160 /* FirstOneUITests */,
				5EF4297F271DAC5800D30160 /* Products */,
			);
			sourceTree = "<group>";
		};
		5EF4297F271DAC5800D30160 /* Products */ = {
			isa = PBXGroup;
			children = (
				5EF4297E271DAC5800D30160 /* FirstOne.app */,
				5EF42994271DAC5900D30160 /* FirstOneTests.xctest */,
				5EF4299E271DAC5900D30160 /* FirstOneUITests.xctest */,
			);
			name = Products;
			sourceTree = "<group>";
		};
		5EF42980271DAC5800D30160 /* FirstOne */ = {
			isa = PBXGroup;
			children = (
				5EF42981271DAC5800D30160 /* AppDelegate.swift */,
				5EF42983271DAC5800D30160 /* SceneDelegate.swift */,
				5EF42987271DAC5800D30160 /* Main.storyboard */,
				5EF429B1271DBBD600D30160 /* FirstViewController.swift */,
				5EF4298A271DAC5900D30160 /* Assets.xcassets */,
				5EF4298C271DAC5900D30160 /* LaunchScreen.storyboard */,
				5EF4298F271DAC5900D30160 /* Info.plist */,
			);
			path = FirstOne;
			sourceTree = "<group>";
		};
		5EF42997271DAC5900D30160 /* FirstOneTests */ = {
			isa = PBXGroup;
			children = (
				5EF42998271DAC5900D30160 /* FirstOneTests.swift */,
			);
			path = FirstOneTests;
			sourceTree = "<group>";
		};
		5EF429A1271DAC5900D30160 /* FirstOneUITests */ = {
			isa = PBXGroup;
			children = (
				5EF429A2271DAC5900D30160 /* FirstOneUITests.swift */,
				5EF429A4271DAC5900D30160 /* FirstOneUITestsLaunchTests.swift */,
			);
			path = FirstOneUITests;
			sourceTree = "<group>";
		};
/* End PBXGroup section */

/* Begin PBXNativeTarget section */
		5EF4297D271DAC5800D30160 /* FirstOne */ = {
			isa = PBXNativeTarget;
			buildConfigurationList = 5EF429A8271DAC5900D30160 /* Build configuration list for PBXNativeTarget "FirstOne" */;
			buildPhases = (
				5EF4297A271DAC5800D30160 /* Sources */,
				5EF4297B271DAC5800D30160 /* Frameworks */,
				5EF4297C271DAC5800D30160 /* Resources */,
			);
			buildRules = (
			);
			dependencies = (
			);
			name = FirstOne;
			productName = FirstOne;
			productReference = 5EF4297E271DAC5800D30160 /* FirstOne.app */;
			productType = "com.apple.product-type.application";
		};
		5EF42993271DAC5900D30160 /* FirstOneTests */ = {
			isa = PBXNativeTarget;
			buildConfigurationList = 5EF429AB271DAC5900D30160 /* Build configuration list for PBXNativeTarget "FirstOneTests" */;
			buildPhases = (
				5EF42990271DAC5900D30160 /* Sources */,
				5EF42991271DAC5900D30160 /* Frameworks */,
				5EF42992271DAC5900D30160 /* Resources */,
			);
			buildRules = (
			);
			dependencies = (
				5EF42996271DAC5900D30160 /* PBXTargetDependency */,
			);
			name = FirstOneTests;
			productName = FirstOneTests;
			productReference = 5EF42994271DAC5900D30160 /* FirstOneTests.xctest */;
			productType = "com.apple.product-type.bundle.unit-test";
		};
		5EF4299D271DAC5900D30160 /* FirstOneUITests */ = {
			isa = PBXNativeTarget;
			buildConfigurationList = 5EF429AE271DAC5900D30160 /* Build configuration list for PBXNativeTarget "FirstOneUITests" */;
			buildPhases = (
				5EF4299A271DAC5900D30160 /* Sources */,
				5EF4299B271DAC5900D30160 /* Frameworks */,
				5EF4299C271DAC5900D30160 /* Resources */,
			);
			buildRules = (
			);
			dependencies = (
				5EF429A0271DAC5900D30160 /* PBXTargetDependency */,
			);
			name = FirstOneUITests;
			productName = FirstOneUITests;
			productReference = 5EF4299E271DAC5900D30160 /* FirstOneUITests.xctest */;
			productType = "com.apple.product-type.bundle.ui-testing";
		};
/* End PBXNativeTarget section */

/* Begin PBXProject section */
		5EF42976271DAC5800D30160 /* Project object */ = {
			isa = PBXProject;
			attributes = {
				BuildIndependentTargetsInParallel = 1;
				LastSwiftUpdateCheck = 1300;
				LastUpgradeCheck = 1300;
				TargetAttributes = {
					5EF4297D271DAC5800D30160 = {
						CreatedOnToolsVersion = 13.0;
					};
					5EF42993271DAC5900D30160 = {
						CreatedOnToolsVersion = 13.0;
						TestTargetID = 5EF4297D271DAC5800D30160;
					};
					5EF4299D271DAC5900D30160 = {
						CreatedOnToolsVersion = 13.0;
						TestTargetID = 5EF4297D271DAC5800D30160;
					};
				};
			};
			buildConfigurationList = 5EF42979271DAC5800D30160 /* Build configuration list for PBXProject "FirstOne" */;
			compatibilityVersion = "Xcode 13.0";
			developmentRegion = en;
			hasScannedForEncodings = 0;
			knownRegions = (
				en,
				Base,
			);
			mainGroup = 5EF42975271DAC5800D30160;
			productRefGroup = 5EF4297F271DAC5800D30160 /* Products */;
			projectDirPath = "";
			projectRoot = "";
			targets = (
				5EF4297D271DAC5800D30160 /* FirstOne */,
				5EF42993271DAC5900D30160 /* FirstOneTests */,
				5EF4299D271DAC5900D30160 /* FirstOneUITests */,
			);
		};
/* End PBXProject section */

/* Begin PBXResourcesBuildPhase section */
		5EF4297C271DAC5800D30160 /* Resources */ = {
			isa = PBXResourcesBuildPhase;
			buildActionMask = 2147483647;
			files = (
				5EF4298E271DAC5900D30160 /* LaunchScreen.storyboard in Resources */,
				5EF4298B271DAC5900D30160 /* Assets.xcassets in Resources */,
				5EF42989271DAC5800D30160 /* Main.storyboard in Resources */,
			);
			runOnlyForDeploymentPostprocessing = 0;
		};
		5EF42992271DAC5900D30160 /* Resources */ = {
			isa = PBXResourcesBuildPhase;
			buildActionMask = 2147483647;
			files = (
			);
			runOnlyForDeploymentPostprocessing = 0;
		};
		5EF4299C271DAC5900D30160 /* Resources */ = {
			isa = PBXResourcesBuildPhase;
			buildActionMask = 2147483647;
			files = (
			);
			runOnlyForDeploymentPostprocessing = 0;
		};
/* End PBXResourcesBuildPhase section */

/* Begin PBXSourcesBuildPhase section */
		5EF4297A271DAC5800D30160 /* Sources */ = {
			isa = PBXSourcesBuildPhase;
			buildActionMask = 2147483647;
			files = (
				5EF429B2271DBBD600D30160 /* FirstViewController.swift in Sources */,
				5EF42982271DAC5800D30160 /* AppDelegate.swift in Sources */,
				5EF42984271DAC5800D30160 /* SceneDelegate.swift in Sources */,
			);
			runOnlyForDeploymentPostprocessing = 0;
		};
		5EF42990271DAC5900D30160 /* Sources */ = {
			isa = PBXSourcesBuildPhase;
			buildActionMask = 2147483647;
			files = (
				5EF42999271DAC5900D30160 /* FirstOneTests.swift in Sources */,
			);
			runOnlyForDeploymentPostprocessing = 0;
		};
		5EF4299A271DAC5900D30160 /* Sources */ = {
			isa = PBXSourcesBuildPhase;
			buildActionMask = 2147483647;
			files = (
				5EF429A5271DAC5900D30160 /* FirstOneUITestsLaunchTests.swift in Sources */,
				5EF429A3271DAC5900D30160 /* FirstOneUITests.swift in Sources */,
			);
			runOnlyForDeploymentPostprocessing = 0;
		};
/* End PBXSourcesBuildPhase section */

/* Begin PBXTargetDependency section */
		5EF42996271DAC5900D30160 /* PBXTargetDependency */ = {
			isa = PBXTargetDependency;
			target = 5EF4297D271DAC5800D30160 /* FirstOne */;
			targetProxy = 5EF42995271DAC5900D30160 /* PBXContainerItemProxy */;
		};
		5EF429A0271DAC5900D30160 /* PBXTargetDependency */ = {
			isa = PBXTargetDependency;
			target = 5EF4297D271DAC5800D30160 /* FirstOne */;
			targetProxy = 5EF4299F271DAC5900D30160 /* PBXContainerItemProxy */;
		};
/* End PBXTargetDependency section */

/* Begin PBXVariantGroup section */
		5EF42987271DAC5800D30160 /* Main.storyboard */ = {
			isa = PBXVariantGroup;
			children = (
				5EF42988271DAC5800D30160 /* Base */,
			);
			name = Main.storyboard;
			sourceTree = "<group>";
		};
		5EF4298C271DAC5900D30160 /* LaunchScreen.storyboard */ = {
			isa = PBXVariantGroup;
			children = (
				5EF4298D271DAC5900D30160 /* Base */,
			);
			name = LaunchScreen.storyboard;
			sourceTree = "<group>";
		};
/* End PBXVariantGroup section */

/* Begin XCBuildConfiguration section */
		5EF429A6271DAC5900D30160 /* Debug */ = {
			isa = XCBuildConfiguration;
			buildSettings = {
				ALWAYS_SEARCH_USER_PATHS = NO;
				CLANG_ANALYZER_NONNULL = YES;
				CLANG_ANALYZER_NUMBER_OBJECT_CONVERSION = YES_AGGRESSIVE;
				CLANG_CXX_LANGUAGE_STANDARD = "gnu++17";
				CLANG_CXX_LIBRARY = "libc++";
				CLANG_ENABLE_MODULES = YES;
				CLANG_ENABLE_OBJC_ARC = YES;
				CLANG_ENABLE_OBJC_WEAK = YES;
				CLANG_WARN_BLOCK_CAPTURE_AUTORELEASING = YES;
				CLANG_WARN_BOOL_CONVERSION = YES;
				CLANG_WARN_COMMA = YES;
				CLANG_WARN_CONSTANT_CONVERSION = YES;
				CLANG_WARN_DEPRECATED_OBJC_IMPLEMENTATIONS = YES;
				CLANG_WARN_DIRECT_OBJC_ISA_USAGE = YES_ERROR;
				CLANG_WARN_DOCUMENTATION_COMMENTS = YES;
				CLANG_WARN_EMPTY_BODY = YES;
				CLANG_WARN_ENUM_CONVERSION = YES;
				CLANG_WARN_INFINITE_RECURSION = YES;
				CLANG_WARN_INT_CONVERSION = YES;
				CLANG_WARN_NON_LITERAL_NULL_CONVERSION = YES;
				CLANG_WARN_OBJC_IMPLICIT_RETAIN_SELF = YES;
				CLANG_WARN_OBJC_LITERAL_CONVERSION = YES;
				CLANG_WARN_OBJC_ROOT_CLASS = YES_ERROR;
				CLANG_WARN_QUOTED_INCLUDE_IN_FRAMEWORK_HEADER = YES;
				CLANG_WARN_RANGE_LOOP_ANALYSIS = YES;
				CLANG_WARN_STRICT_PROTOTYPES = YES;
				CLANG_WARN_SUSPICIOUS_MOVE = YES;
				CLANG_WARN_UNGUARDED_AVAILABILITY = YES_AGGRESSIVE;
				CLANG_WARN_UNREACHABLE_CODE = YES;
				CLANG_WARN__DUPLICATE_METHOD_MATCH = YES;
				COPY_PHASE_STRIP = NO;
				DEBUG_INFORMATION_FORMAT = dwarf;
				ENABLE_STRICT_OBJC_MSGSEND = YES;
				ENABLE_TESTABILITY = YES;
				GCC_C_LANGUAGE_STANDARD = gnu11;
				GCC_DYNAMIC_NO_PIC = NO;
				GCC_NO_COMMON_BLOCKS = YES;
				GCC_OPTIMIZATION_LEVEL = 0;
				GCC_PREPROCESSOR_DEFINITIONS = (
					"DEBUG=1",
					"$(inherited)",
				);
				GCC_WARN_64_TO_32_BIT_CONVERSION = YES;
				GCC_WARN_ABOUT_RETURN_TYPE = YES_ERROR;
				GCC_WARN_UNDECLARED_SELECTOR = YES;
				GCC_WARN_UNINITIALIZED_AUTOS = YES_AGGRESSIVE;
				GCC_WARN_UNUSED_FUNCTION = YES;
				GCC_WARN_UNUSED_VARIABLE = YES;
				IPHONEOS_DEPLOYMENT_TARGET = 15.0;
				MTL_ENABLE_DEBUG_INFO = INCLUDE_SOURCE;
				MTL_FAST_MATH = YES;
				ONLY_ACTIVE_ARCH = YES;
				SDKROOT = iphoneos;
				SWIFT_ACTIVE_COMPILATION_CONDITIONS = DEBUG;
				SWIFT_OPTIMIZATION_LEVEL = "-Onone";
			};
			name = Debug;
		};
		5EF429A7271DAC5900D30160 /* Release */ = {
			isa = XCBuildConfiguration;
			buildSettings = {
				ALWAYS_SEARCH_USER_PATHS = NO;
				CLANG_ANALYZER_NONNULL = YES;
				CLANG_ANALYZER_NUMBER_OBJECT_CONVERSION = YES_AGGRESSIVE;
				CLANG_CXX_LANGUAGE_STANDARD = "gnu++17";
				CLANG_CXX_LIBRARY = "libc++";
				CLANG_ENABLE_MODULES = YES;
				CLANG_ENABLE_OBJC_ARC = YES;
				CLANG_ENABLE_OBJC_WEAK = YES;
				CLANG_WARN_BLOCK_CAPTURE_AUTORELEASING = YES;
				CLANG_WARN_BOOL_CONVERSION = YES;
				CLANG_WARN_COMMA = YES;
				CLANG_WARN_CONSTANT_CONVERSION = YES;
				CLANG_WARN_DEPRECATED_OBJC_IMPLEMENTATIONS = YES;
				CLANG_WARN_DIRECT_OBJC_ISA_USAGE = YES_ERROR;
				CLANG_WARN_DOCUMENTATION_COMMENTS = YES;
				CLANG_WARN_EMPTY_BODY = YES;
				CLANG_WARN_ENUM_CONVERSION = YES;
				CLANG_WARN_INFINITE_RECURSION = YES;
				CLANG_WARN_INT_CONVERSION = YES;
				CLANG_WARN_NON_LITERAL_NULL_CONVERSION = YES;
				CLANG_WARN_OBJC_IMPLICIT_RETAIN_SELF = YES;
				CLANG_WARN_OBJC_LITERAL_CONVERSION = YES;
				CLANG_WARN_OBJC_ROOT_CLASS = YES_ERROR;
				CLANG_WARN_QUOTED_INCLUDE_IN_FRAMEWORK_HEADER = YES;
				CLANG_WARN_RANGE_LOOP_ANALYSIS = YES;
				CLANG_WARN_STRICT_PROTOTYPES = YES;
				CLANG_WARN_SUSPICIOUS_MOVE = YES;
				CLANG_WARN_UNGUARDED_AVAILABILITY = YES_AGGRESSIVE;
				CLANG_WARN_UNREACHABLE_CODE = YES;
				CLANG_WARN__DUPLICATE_METHOD_MATCH = YES;
				COPY_PHASE_STRIP = NO;
				DEBUG_INFORMATION_FORMAT = "dwarf-with-dsym";
				ENABLE_NS_ASSERTIONS = NO;
				ENABLE_STRICT_OBJC_MSGSEND = YES;
				GCC_C_LANGUAGE_STANDARD = gnu11;
				GCC_NO_COMMON_BLOCKS = YES;
				GCC_WARN_64_TO_32_BIT_CONVERSION = YES;
				GCC_WARN_ABOUT_RETURN_TYPE = YES_ERROR;
				GCC_WARN_UNDECLARED_SELECTOR = YES;
				GCC_WARN_UNINITIALIZED_AUTOS = YES_AGGRESSIVE;
				GCC_WARN_UNUSED_FUNCTION = YES;
				GCC_WARN_UNUSED_VARIABLE = YES;
				IPHONEOS_DEPLOYMENT_TARGET = 15.0;
				MTL_ENABLE_DEBUG_INFO = NO;
				MTL_FAST_MATH = YES;
				SDKROOT = iphoneos;
				SWIFT_COMPILATION_MODE = wholemodule;
				SWIFT_OPTIMIZATION_LEVEL = "-O";
				VALIDATE_PRODUCT = YES;
			};
			name = Release;
		};
		5EF429A9271DAC5900D30160 /* Debug */ = {
			isa = XCBuildConfiguration;
			buildSettings = {
				ASSETCATALOG_COMPILER_APPICON_NAME = AppIcon;
				ASSETCATALOG_COMPILER_GLOBAL_ACCENT_COLOR_NAME = AccentColor;
				CODE_SIGN_STYLE = Automatic;
				CURRENT_PROJECT_VERSION = 1;
				GENERATE_INFOPLIST_FILE = YES;
				INFOPLIST_FILE = FirstOne/Info.plist;
				INFOPLIST_KEY_UIApplicationSupportsIndirectInputEvents = YES;
				INFOPLIST_KEY_UILaunchStoryboardName = LaunchScreen;
				INFOPLIST_KEY_UIMainStoryboardFile = Main;
				INFOPLIST_KEY_UISupportedInterfaceOrientations_iPad = "UIInterfaceOrientationPortrait UIInterfaceOrientationPortraitUpsideDown UIInterfaceOrientationLandscapeLeft UIInterfaceOrientationLandscapeRight";
				INFOPLIST_KEY_UISupportedInterfaceOrientations_iPhone = "UIInterfaceOrientationPortrait UIInterfaceOrientationLandscapeLeft UIInterfaceOrientationLandscapeRight";
				LD_RUNPATH_SEARCH_PATHS = (
					"$(inherited)",
					"@executable_path/Frameworks",
				);
				MARKETING_VERSION = 1.0;
				PRODUCT_BUNDLE_IDENTIFIER = Overall.FirstOne;
				PRODUCT_NAME = "$(TARGET_NAME)";
				SWIFT_EMIT_LOC_STRINGS = YES;
				SWIFT_VERSION = 5.0;
				TARGETED_DEVICE_FAMILY = "1,2";
			};
			name = Debug;
		};
		5EF429AA271DAC5900D30160 /* Release */ = {
			isa = XCBuildConfiguration;
			buildSettings = {
				ASSETCATALOG_COMPILER_APPICON_NAME = AppIcon;
				ASSETCATALOG_COMPILER_GLOBAL_ACCENT_COLOR_NAME = AccentColor;
				CODE_SIGN_STYLE = Automatic;
				CURRENT_PROJECT_VERSION = 1;
				GENERATE_INFOPLIST_FILE = YES;
				INFOPLIST_FILE = FirstOne/Info.plist;
				INFOPLIST_KEY_UIApplicationSupportsIndirectInputEvents = YES;
				INFOPLIST_KEY_UILaunchStoryboardName = LaunchScreen;
				INFOPLIST_KEY_UIMainStoryboardFile = Main;
				INFOPLIST_KEY_UISupportedInterfaceOrientations_iPad = "UIInterfaceOrientationPortrait UIInterfaceOrientationPortraitUpsideDown UIInterfaceOrientationLandscapeLeft UIInterfaceOrientationLandscapeRight";
				INFOPLIST_KEY_UISupportedInterfaceOrientations_iPhone = "UIInterfaceOrientationPortrait UIInterfaceOrientationLandscapeLeft UIInterfaceOrientationLandscapeRight";
				LD_RUNPATH_SEARCH_PATHS = (
					"$(inherited)",
					"@executable_path/Frameworks",
				);
				MARKETING_VERSION = 1.0;
				PRODUCT_BUNDLE_IDENTIFIER = Overall.FirstOne;
				PRODUCT_NAME = "$(TARGET_NAME)";
				SWIFT_EMIT_LOC_STRINGS = YES;
				SWIFT_VERSION = 5.0;
				TARGETED_DEVICE_FAMILY = "1,2";
			};
			name = Release;
		};
		5EF429AC271DAC5900D30160 /* Debug */ = {
			isa = XCBuildConfiguration;
			buildSettings = {
				ALWAYS_EMBED_SWIFT_STANDARD_LIBRARIES = YES;
				BUNDLE_LOADER = "$(TEST_HOST)";
				CODE_SIGN_STYLE = Automatic;
				CURRENT_PROJECT_VERSION = 1;
				GENERATE_INFOPLIST_FILE = YES;
				IPHONEOS_DEPLOYMENT_TARGET = 15.0;
				LD_RUNPATH_SEARCH_PATHS = (
					"$(inherited)",
					"@executable_path/Frameworks",
					"@loader_path/Frameworks",
				);
				MARKETING_VERSION = 1.0;
				PRODUCT_BUNDLE_IDENTIFIER = Overall.FirstOneTests;
				PRODUCT_NAME = "$(TARGET_NAME)";
				SWIFT_EMIT_LOC_STRINGS = NO;
				SWIFT_VERSION = 5.0;
				TARGETED_DEVICE_FAMILY = "1,2";
				TEST_HOST = "$(BUILT_PRODUCTS_DIR)/FirstOne.app/FirstOne";
			};
			name = Debug;
		};
		5EF429AD271DAC5900D30160 /* Release */ = {
			isa = XCBuildConfiguration;
			buildSettings = {
				ALWAYS_EMBED_SWIFT_STANDARD_LIBRARIES = YES;
				BUNDLE_LOADER = "$(TEST_HOST)";
				CODE_SIGN_STYLE = Automatic;
				CURRENT_PROJECT_VERSION = 1;
				GENERATE_INFOPLIST_FILE = YES;
				IPHONEOS_DEPLOYMENT_TARGET = 15.0;
				LD_RUNPATH_SEARCH_PATHS = (
					"$(inherited)",
					"@executable_path/Frameworks",
					"@loader_path/Frameworks",
				);
				MARKETING_VERSION = 1.0;
				PRODUCT_BUNDLE_IDENTIFIER = Overall.FirstOneTests;
				PRODUCT_NAME = "$(TARGET_NAME)";
				SWIFT_EMIT_LOC_STRINGS = NO;
				SWIFT_VERSION = 5.0;
				TARGETED_DEVICE_FAMILY = "1,2";
				TEST_HOST = "$(BUILT_PRODUCTS_DIR)/FirstOne.app/FirstOne";
			};
			name = Release;
		};
		5EF429AF271DAC5900D30160 /* Debug */ = {
			isa = XCBuildConfiguration;
			buildSettings = {
				ALWAYS_EMBED_SWIFT_STANDARD_LIBRARIES = YES;
				CODE_SIGN_STYLE = Automatic;
				CURRENT_PROJECT_VERSION = 1;
				GENERATE_INFOPLIST_FILE = YES;
				LD_RUNPATH_SEARCH_PATHS = (
					"$(inherited)",
					"@executable_path/Frameworks",
					"@loader_path/Frameworks",
				);
				MARKETING_VERSION = 1.0;
				PRODUCT_BUNDLE_IDENTIFIER = Overall.FirstOneUITests;
				PRODUCT_NAME = "$(TARGET_NAME)";
				SWIFT_EMIT_LOC_STRINGS = NO;
				SWIFT_VERSION = 5.0;
				TARGETED_DEVICE_FAMILY = "1,2";
				TEST_TARGET_NAME = FirstOne;
			};
			name = Debug;
		};
		5EF429B0271DAC5900D30160 /* Release */ = {
			isa = XCBuildConfiguration;
			buildSettings = {
				ALWAYS_EMBED_SWIFT_STANDARD_LIBRARIES = YES;
				CODE_SIGN_STYLE = Automatic;
				CURRENT_PROJECT_VERSION = 1;
				GENERATE_INFOPLIST_FILE = YES;
				LD_RUNPATH_SEARCH_PATHS = (
					"$(inherited)",
					"@executable_path/Frameworks",
					"@loader_path/Frameworks",
				);
				MARKETING_VERSION = 1.0;
				PRODUCT_BUNDLE_IDENTIFIER = Overall.FirstOneUITests;
				PRODUCT_NAME = "$(TARGET_NAME)";
				SWIFT_EMIT_LOC_STRINGS = NO;
				SWIFT_VERSION = 5.0;
				TARGETED_DEVICE_FAMILY = "1,2";
				TEST_TARGET_NAME = FirstOne;
			};
			name = Release;
		};
/* End XCBuildConfiguration section */

/* Begin XCConfigurationList section */
		5EF42979271DAC5800D30160 /* Build configuration list for PBXProject "FirstOne" */ = {
			isa = XCConfigurationList;
			buildConfigurations = (
				5EF429A6271DAC5900D30160 /* Debug */,
				5EF429A7271DAC5900D30160 /* Release */,
			);
			defaultConfigurationIsVisible = 0;
			defaultConfigurationName = Release;
		};
		5EF429A8271DAC5900D30160 /* Build configuration list for PBXNativeTarget "FirstOne" */ = {
			isa = XCConfigurationList;
			buildConfigurations = (
				5EF429A9271DAC5900D30160 /* Debug */,
				5EF429AA271DAC5900D30160 /* Release */,
			);
			defaultConfigurationIsVisible = 0;
			defaultConfigurationName = Release;
		};
		5EF429AB271DAC5900D30160 /* Build configuration list for PBXNativeTarget "FirstOneTests" */ = {
			isa = XCConfigurationList;
			buildConfigurations = (
				5EF429AC271DAC5900D30160 /* Debug */,
				5EF429AD271DAC5900D30160 /* Release */,
			);
			defaultConfigurationIsVisible = 0;
			defaultConfigurationName = Release;
		};
		5EF429AE271DAC5900D30160 /* Build configuration list for PBXNativeTarget "FirstOneUITests" */ = {
			isa = XCConfigurationList;
			buildConfigurations = (
				5EF429AF271DAC5900D30160 /* Debug */,
				5EF429B0271DAC5900D30160 /* Release */,
			);
			defaultConfigurationIsVisible = 0;
			defaultConfigurationName = Release;
		};
/* End XCConfigurationList section */
	};
	rootObject = 5EF42976271DAC5800D30160 /* Project object */;
}
